
Microsoft Visual Studio Solution File, Format Version 12.00
# Visual Studio Version 16
VisualStudioVersion = 16.0.31624.102
MinimumVisualStudioVersion = 10.0.40219.1
Project("{FAE04EC0-301F-11D3-BF4B-00C04F79EFBC}") = "PM2E1201810070111.Android", "PM2E1201810070111\PM2E1201810070111.Android\PM2E1201810070111.Android.csproj", "{12AF7B3D-F61C-43ED-A683-3E85C1C6DC8B}"
EndProject
Project("{FAE04EC0-301F-11D3-BF4B-00C04F79EFBC}") = "PM2E1201810070111", "PM2E1201810070111\PM2E1201810070111\PM2E1201810070111.csproj", "{7EE3E8F7-A1AC-4D9C-A42A-8BAF27FA8A71}"
EndProject
Global
	GlobalSection(SolutionConfigurationPlatforms) = preSolution
		Debug|Any CPU = Debug|Any CPU
		Release|Any CPU = Release|Any CPU
	EndGlobalSection
	GlobalSection(ProjectConfigurationPlatforms) = postSolution
		{12AF7B3D-F61C-43ED-A683-3E85C1C6DC8B}.Debug|Any CPU.ActiveCfg = Debug|Any CPU
		{12AF7B3D-F61C-43ED-A683-3E85C1C6DC8B}.Debug|Any CPU.Build.0 = Debug|Any CPU
		{12AF7B3D-F61C-43ED-A683-3E85C1C6DC8B}.Debug|Any CPU.Deploy.0 = Debug|Any CPU
		{12AF7B3D-F61C-43ED-A683-3E85C1C6DC8B}.Release|Any CPU.ActiveCfg = Release|Any CPU
		{12AF7B3D-F61C-43ED-A683-3E85C1C6DC8B}.Release|Any CPU.Build.0 = Release|Any CPU
		{12AF7B3D-F61C-43ED-A683-3E85C1C6DC8B}.Release|Any CPU.Deploy.0 = Release|Any CPU
		{7EE3E8F7-A1AC-4D9C-A42A-8BAF27FA8A71}.Debug|Any CPU.ActiveCfg = Debug|Any CPU
		{7EE3E8F7-A1AC-4D9C-A42A-8BAF27FA8A71}.Debug|Any CPU.Build.0 = Debug|Any CPU
		{7EE3E8F7-A1AC-4D9C-A42A-8BAF27FA8A71}.Debug|Any CPU.Deploy.0 = Debug|Any CPU
		{7EE3E8F7-A1AC-4D9C-A42A-8BAF27FA8A71}.Release|Any CPU.ActiveCfg = Release|Any CPU
		{7EE3E8F7-A1AC-4D9C-A42A-8BAF27FA8A71}.Release|Any CPU.Build.0 = Release|Any CPU
		{7EE3E8F7-A1AC-4D9C-A42A-8BAF27FA8A71}.Release|Any CPU.Deploy.0 = Release|Any CPU
	EndGlobalSection
	GlobalSection(SolutionProperties) = preSolution
		HideSolutionNode = FALSE
	EndGlobalSection
	GlobalSection(ExtensibilityGlobals) = postSolution
		SolutionGuid = {D1AD5E85-638B-4CB5-8625-5F9459D886ED}
	EndGlobalSection
EndGlobal
